
Microsoft Visual Studio Solution File, Format Version 12.00
# Visual Studio Version 17
VisualStudioVersion = 17.6.33723.286
MinimumVisualStudioVersion = 10.0.40219.1
Project("{9A19103F-16F7-4668-BE54-9A1E7A4F7556}") = "ComplaintSystem", "ComplaintSystem.csproj", "{88A198F5-A258-4C99-9774-A42451FF9427}"
EndProject
Project("{FAE04EC0-301F-11D3-BF4B-00C04F79EFBC}") = "ComplaintTest", "..\ComplaintTest\ComplaintTest.csproj", "{9E5AD14A-4B78-4A58-BA2D-89A3B08B8FDF}"
EndProject
Global
	GlobalSection(SolutionConfigurationPlatforms) = preSolution
		Debug|Any CPU = Debug|Any CPU
		Release|Any CPU = Release|Any CPU
	EndGlobalSection
	GlobalSection(ProjectConfigurationPlatforms) = postSolution
		{88A198F5-A258-4C99-9774-A42451FF9427}.Debug|Any CPU.ActiveCfg = Debug|Any CPU
		{88A198F5-A258-4C99-9774-A42451FF9427}.Debug|Any CPU.Build.0 = Debug|Any CPU
		{88A198F5-A258-4C99-9774-A42451FF9427}.Release|Any CPU.ActiveCfg = Release|Any CPU
		{88A198F5-A258-4C99-9774-A42451FF9427}.Release|Any CPU.Build.0 = Release|Any CPU
		{9E5AD14A-4B78-4A58-BA2D-89A3B08B8FDF}.Debug|Any CPU.ActiveCfg = Debug|Any CPU
		{9E5AD14A-4B78-4A58-BA2D-89A3B08B8FDF}.Debug|Any CPU.Build.0 = Debug|Any CPU
		{9E5AD14A-4B78-4A58-BA2D-89A3B08B8FDF}.Release|Any CPU.ActiveCfg = Release|Any CPU
		{9E5AD14A-4B78-4A58-BA2D-89A3B08B8FDF}.Release|Any CPU.Build.0 = Release|Any CPU
	EndGlobalSection
	GlobalSection(SolutionProperties) = preSolution
		HideSolutionNode = FALSE
	EndGlobalSection
	GlobalSection(ExtensibilityGlobals) = postSolution
		SolutionGuid = {00A5A7FE-2C91-4C91-BC99-0C76EC250D04}
	EndGlobalSection
EndGlobal
